
Microsoft Visual Studio Solution File, Format Version 12.00
# Visual Studio Version 17
VisualStudioVersion = 17.6.33815.320
MinimumVisualStudioVersion = 10.0.40219.1
Project("{FAE04EC0-301F-11D3-BF4B-00C04F79EFBC}") = "PedraPapelTesoura", "PedraPapelTesoura\PedraPapelTesoura.csproj", "{C2B1D1BA-052C-49D3-9A73-DD9983652CF4}"
EndProject
Global
	GlobalSection(SolutionConfigurationPlatforms) = preSolution
		Debug|Any CPU = Debug|Any CPU
		Release|Any CPU = Release|Any CPU
	EndGlobalSection
	GlobalSection(ProjectConfigurationPlatforms) = postSolution
		{C2B1D1BA-052C-49D3-9A73-DD9983652CF4}.Debug|Any CPU.ActiveCfg = Debug|Any CPU
		{C2B1D1BA-052C-49D3-9A73-DD9983652CF4}.Debug|Any CPU.Build.0 = Debug|Any CPU
		{C2B1D1BA-052C-49D3-9A73-DD9983652CF4}.Release|Any CPU.ActiveCfg = Release|Any CPU
		{C2B1D1BA-052C-49D3-9A73-DD9983652CF4}.Release|Any CPU.Build.0 = Release|Any CPU
	EndGlobalSection
	GlobalSection(SolutionProperties) = preSolution
		HideSolutionNode = FALSE
	EndGlobalSection
	GlobalSection(ExtensibilityGlobals) = postSolution
		SolutionGuid = {30ADD4E5-6A9F-4D9D-8A18-40F37A49EB8C}
	EndGlobalSection
EndGlobal
